{
  "name": "featuremap",
  "version": "0.1.0",
  "lockfileVersion": 3,
  "requires": true,
  "packages": {
    "": {
      "name": "featuremap",
      "version": "0.1.0",
      "workspaces": [
        "packages/*"
      ]
    },
    "node_modules/@featuremap/cli": {
      "resolved": "packages/cli",
      "link": true
    },
    "node_modules/@featuremap/mcp-server": {
      "resolved": "packages/mcp-server",
      "link": true
    },
    "node_modules/@featuremap/web": {
      "resolved": "packages/web",
      "link": true
    },
    "packages/cli": {
      "name": "@featuremap/cli",
      "version": "0.1.0"
    },
    "packages/mcp-server": {
      "name": "@featuremap/mcp-server",
      "version": "0.1.0"
    },
    "packages/web": {
      "name": "@featuremap/web",
      "version": "0.1.0"
    }
  }
}
